// !$*UTF8*$!
{
	archiveVersion = 1;
	classes = {
	};
	objectVersion = 56;
	objects = {

/* Begin PBXBuildFile section */
		E49A6EB7296774D600F2A5D1 /* AppDelegate.swift in Sources */ = {isa = PBXBuildFile; fileRef = E49A6EB6296774D600F2A5D1 /* AppDelegate.swift */; };
		E49A6EB9296774D600F2A5D1 /* SceneDelegate.swift in Sources */ = {isa = PBXBuildFile; fileRef = E49A6EB8296774D600F2A5D1 /* SceneDelegate.swift */; };
		E49A6EBE296774D600F2A5D1 /* Main.storyboard in Resources */ = {isa = PBXBuildFile; fileRef = E49A6EBC296774D600F2A5D1 /* Main.storyboard */; };
		E49A6EC0296774D700F2A5D1 /* Assets.xcassets in Resources */ = {isa = PBXBuildFile; fileRef = E49A6EBF296774D700F2A5D1 /* Assets.xcassets */; };
		E49A6EC3296774D700F2A5D1 /* LaunchScreen.storyboard in Resources */ = {isa = PBXBuildFile; fileRef = E49A6EC1296774D700F2A5D1 /* LaunchScreen.storyboard */; };
		E49A6ECC296777B100F2A5D1 /* Apollo in Frameworks */ = {isa = PBXBuildFile; productRef = E49A6ECB296777B100F2A5D1 /* Apollo */; };
		E49A6ECF296779D300F2A5D1 /* schema.graphqls in Resources */ = {isa = PBXBuildFile; fileRef = E49A6ECE296779D300F2A5D1 /* schema.graphqls */; };
		E49A6ED129677DAE00F2A5D1 /* rocketsQuery.graphql in Resources */ = {isa = PBXBuildFile; fileRef = E49A6ED029677DAE00F2A5D1 /* rocketsQuery.graphql */; };
		E49A6ED529677F0700F2A5D1 /* NetworkService.swift in Sources */ = {isa = PBXBuildFile; fileRef = E49A6ED429677F0700F2A5D1 /* NetworkService.swift */; };
		E49A6ED729677FAD00F2A5D1 /* RocketsViewController.swift in Sources */ = {isa = PBXBuildFile; fileRef = E49A6ED629677FAD00F2A5D1 /* RocketsViewController.swift */; };
		E49A6EDA2967804B00F2A5D1 /* SpaceXAPI in Frameworks */ = {isa = PBXBuildFile; productRef = E49A6ED92967804B00F2A5D1 /* SpaceXAPI */; };
		E49A6EDC2967841C00F2A5D1 /* launchesQuery.graphql in Resources */ = {isa = PBXBuildFile; fileRef = E49A6EDB2967841C00F2A5D1 /* launchesQuery.graphql */; };
		E49A6EDE296784AB00F2A5D1 /* LaunchesViewController.swift in Sources */ = {isa = PBXBuildFile; fileRef = E49A6EDD296784AB00F2A5D1 /* LaunchesViewController.swift */; };
		E49A6EE029678CD300F2A5D1 /* launchFragment.graphql in Resources */ = {isa = PBXBuildFile; fileRef = E49A6EDF29678CD300F2A5D1 /* launchFragment.graphql */; };
/* End PBXBuildFile section */

/* Begin PBXFileReference section */
		E49A6EB3296774D600F2A5D1 /* ExampleApolloGraphQL.app */ = {isa = PBXFileReference; explicitFileType = wrapper.application; includeInIndex = 0; path = ExampleApolloGraphQL.app; sourceTree = BUILT_PRODUCTS_DIR; };
		E49A6EB6296774D600F2A5D1 /* AppDelegate.swift */ = {isa = PBXFileReference; lastKnownFileType = sourcecode.swift; path = AppDelegate.swift; sourceTree = "<group>"; };
		E49A6EB8296774D600F2A5D1 /* SceneDelegate.swift */ = {isa = PBXFileReference; lastKnownFileType = sourcecode.swift; path = SceneDelegate.swift; sourceTree = "<group>"; };
		E49A6EBD296774D600F2A5D1 /* Base */ = {isa = PBXFileReference; lastKnownFileType = file.storyboard; name = Base; path = Base.lproj/Main.storyboard; sourceTree = "<group>"; };
		E49A6EBF296774D700F2A5D1 /* Assets.xcassets */ = {isa = PBXFileReference; lastKnownFileType = folder.assetcatalog; path = Assets.xcassets; sourceTree = "<group>"; };
		E49A6EC2296774D700F2A5D1 /* Base */ = {isa = PBXFileReference; lastKnownFileType = file.storyboard; name = Base; path = Base.lproj/LaunchScreen.storyboard; sourceTree = "<group>"; };
		E49A6EC4296774D700F2A5D1 /* Info.plist */ = {isa = PBXFileReference; lastKnownFileType = text.plist.xml; path = Info.plist; sourceTree = "<group>"; };
		E49A6ECE296779D300F2A5D1 /* schema.graphqls */ = {isa = PBXFileReference; fileEncoding = 4; lastKnownFileType = text; path = schema.graphqls; sourceTree = "<group>"; };
		E49A6ED029677DAE00F2A5D1 /* rocketsQuery.graphql */ = {isa = PBXFileReference; lastKnownFileType = text; path = rocketsQuery.graphql; sourceTree = "<group>"; };
		E49A6ED329677E9C00F2A5D1 /* SpaceXAPI */ = {isa = PBXFileReference; lastKnownFileType = wrapper; path = SpaceXAPI; sourceTree = "<group>"; };
		E49A6ED429677F0700F2A5D1 /* NetworkService.swift */ = {isa = PBXFileReference; lastKnownFileType = sourcecode.swift; path = NetworkService.swift; sourceTree = "<group>"; };
		E49A6ED629677FAD00F2A5D1 /* RocketsViewController.swift */ = {isa = PBXFileReference; lastKnownFileType = sourcecode.swift; path = RocketsViewController.swift; sourceTree = "<group>"; };
		E49A6EDB2967841C00F2A5D1 /* launchesQuery.graphql */ = {isa = PBXFileReference; lastKnownFileType = text; path = launchesQuery.graphql; sourceTree = "<group>"; };
		E49A6EDD296784AB00F2A5D1 /* LaunchesViewController.swift */ = {isa = PBXFileReference; lastKnownFileType = sourcecode.swift; path = LaunchesViewController.swift; sourceTree = "<group>"; };
		E49A6EDF29678CD300F2A5D1 /* launchFragment.graphql */ = {isa = PBXFileReference; lastKnownFileType = text; path = launchFragment.graphql; sourceTree = "<group>"; };
/* End PBXFileReference section */

/* Begin PBXFrameworksBuildPhase section */
		E49A6EB0296774D600F2A5D1 /* Frameworks */ = {
			isa = PBXFrameworksBuildPhase;
			buildActionMask = 2147483647;
			files = (
				E49A6ECC296777B100F2A5D1 /* Apollo in Frameworks */,
				E49A6EDA2967804B00F2A5D1 /* SpaceXAPI in Frameworks */,
			);
			runOnlyForDeploymentPostprocessing = 0;
		};
/* End PBXFrameworksBuildPhase section */

/* Begin PBXGroup section */
		E49A6EAA296774D600F2A5D1 = {
			isa = PBXGroup;
			children = (
				E49A6ED229677E9C00F2A5D1 /* Packages */,
				E49A6EB5296774D600F2A5D1 /* ExampleApolloGraphQL */,
				E49A6EB4296774D600F2A5D1 /* Products */,
				E49A6ED82967804B00F2A5D1 /* Frameworks */,
			);
			sourceTree = "<group>";
		};
		E49A6EB4296774D600F2A5D1 /* Products */ = {
			isa = PBXGroup;
			children = (
				E49A6EB3296774D600F2A5D1 /* ExampleApolloGraphQL.app */,
			);
			name = Products;
			sourceTree = "<group>";
		};
		E49A6EB5296774D600F2A5D1 /* ExampleApolloGraphQL */ = {
			isa = PBXGroup;
			children = (
				E49A6EB6296774D600F2A5D1 /* AppDelegate.swift */,
				E49A6EB8296774D600F2A5D1 /* SceneDelegate.swift */,
				E49A6ED629677FAD00F2A5D1 /* RocketsViewController.swift */,
				E49A6EDD296784AB00F2A5D1 /* LaunchesViewController.swift */,
				E49A6ED429677F0700F2A5D1 /* NetworkService.swift */,
				E49A6ECD2967797100F2A5D1 /* GraphQL */,
				E49A6EBC296774D600F2A5D1 /* Main.storyboard */,
				E49A6EBF296774D700F2A5D1 /* Assets.xcassets */,
				E49A6EC1296774D700F2A5D1 /* LaunchScreen.storyboard */,
				E49A6EC4296774D700F2A5D1 /* Info.plist */,
			);
			path = ExampleApolloGraphQL;
			sourceTree = "<group>";
		};
		E49A6ECD2967797100F2A5D1 /* GraphQL */ = {
			isa = PBXGroup;
			children = (
				E49A6EDB2967841C00F2A5D1 /* launchesQuery.graphql */,
				E49A6ED029677DAE00F2A5D1 /* rocketsQuery.graphql */,
				E49A6ECE296779D300F2A5D1 /* schema.graphqls */,
				E49A6EDF29678CD300F2A5D1 /* launchFragment.graphql */,
			);
			path = GraphQL;
			sourceTree = "<group>";
		};
		E49A6ED229677E9C00F2A5D1 /* Packages */ = {
			isa = PBXGroup;
			children = (
				E49A6ED329677E9C00F2A5D1 /* SpaceXAPI */,
			);
			name = Packages;
			sourceTree = "<group>";
		};
		E49A6ED82967804B00F2A5D1 /* Frameworks */ = {
			isa = PBXGroup;
			children = (
			);
			name = Frameworks;
			sourceTree = "<group>";
		};
/* End PBXGroup section */

/* Begin PBXNativeTarget section */
		E49A6EB2296774D600F2A5D1 /* ExampleApolloGraphQL */ = {
			isa = PBXNativeTarget;
			buildConfigurationList = E49A6EC7296774D700F2A5D1 /* Build configuration list for PBXNativeTarget "ExampleApolloGraphQL" */;
			buildPhases = (
				E49A6EAF296774D600F2A5D1 /* Sources */,
				E49A6EB0296774D600F2A5D1 /* Frameworks */,
				E49A6EB1296774D600F2A5D1 /* Resources */,
			);
			buildRules = (
			);
			dependencies = (
			);
			name = ExampleApolloGraphQL;
			packageProductDependencies = (
				E49A6ECB296777B100F2A5D1 /* Apollo */,
				E49A6ED92967804B00F2A5D1 /* SpaceXAPI */,
			);
			productName = ExampleApolloGraphQL;
			productReference = E49A6EB3296774D600F2A5D1 /* ExampleApolloGraphQL.app */;
			productType = "com.apple.product-type.application";
		};
/* End PBXNativeTarget section */

/* Begin PBXProject section */
		E49A6EAB296774D600F2A5D1 /* Project object */ = {
			isa = PBXProject;
			attributes = {
				BuildIndependentTargetsInParallel = 1;
				LastSwiftUpdateCheck = 1400;
				LastUpgradeCheck = 1400;
				TargetAttributes = {
					E49A6EB2296774D600F2A5D1 = {
						CreatedOnToolsVersion = 14.0;
					};
				};
			};
			buildConfigurationList = E49A6EAE296774D600F2A5D1 /* Build configuration list for PBXProject "ExampleApolloGraphQL" */;
			compatibilityVersion = "Xcode 14.0";
			developmentRegion = en;
			hasScannedForEncodings = 0;
			knownRegions = (
				en,
				Base,
			);
			mainGroup = E49A6EAA296774D600F2A5D1;
			packageReferences = (
				E49A6ECA296777B100F2A5D1 /* XCRemoteSwiftPackageReference "apollo-ios" */,
			);
			productRefGroup = E49A6EB4296774D600F2A5D1 /* Products */;
			projectDirPath = "";
			projectRoot = "";
			targets = (
				E49A6EB2296774D600F2A5D1 /* ExampleApolloGraphQL */,
			);
		};
/* End PBXProject section */

/* Begin PBXResourcesBuildPhase section */
		E49A6EB1296774D600F2A5D1 /* Resources */ = {
			isa = PBXResourcesBuildPhase;
			buildActionMask = 2147483647;
			files = (
				E49A6ED129677DAE00F2A5D1 /* rocketsQuery.graphql in Resources */,
				E49A6ECF296779D300F2A5D1 /* schema.graphqls in Resources */,
				E49A6EC3296774D700F2A5D1 /* LaunchScreen.storyboard in Resources */,
				E49A6EE029678CD300F2A5D1 /* launchFragment.graphql in Resources */,
				E49A6EDC2967841C00F2A5D1 /* launchesQuery.graphql in Resources */,
				E49A6EC0296774D700F2A5D1 /* Assets.xcassets in Resources */,
				E49A6EBE296774D600F2A5D1 /* Main.storyboard in Resources */,
			);
			runOnlyForDeploymentPostprocessing = 0;
		};
/* End PBXResourcesBuildPhase section */

/* Begin PBXSourcesBuildPhase section */
		E49A6EAF296774D600F2A5D1 /* Sources */ = {
			isa = PBXSourcesBuildPhase;
			buildActionMask = 2147483647;
			files = (
				E49A6ED729677FAD00F2A5D1 /* RocketsViewController.swift in Sources */,
				E49A6EB7296774D600F2A5D1 /* AppDelegate.swift in Sources */,
				E49A6EDE296784AB00F2A5D1 /* LaunchesViewController.swift in Sources */,
				E49A6ED529677F0700F2A5D1 /* NetworkService.swift in Sources */,
				E49A6EB9296774D600F2A5D1 /* SceneDelegate.swift in Sources */,
			);
			runOnlyForDeploymentPostprocessing = 0;
		};
/* End PBXSourcesBuildPhase section */

/* Begin PBXVariantGroup section */
		E49A6EBC296774D600F2A5D1 /* Main.storyboard */ = {
			isa = PBXVariantGroup;
			children = (
				E49A6EBD296774D600F2A5D1 /* Base */,
			);
			name = Main.storyboard;
			sourceTree = "<group>";
		};
		E49A6EC1296774D700F2A5D1 /* LaunchScreen.storyboard */ = {
			isa = PBXVariantGroup;
			children = (
				E49A6EC2296774D700F2A5D1 /* Base */,
			);
			name = LaunchScreen.storyboard;
			sourceTree = "<group>";
		};
/* End PBXVariantGroup section */

/* Begin XCBuildConfiguration section */
		E49A6EC5296774D700F2A5D1 /* Debug */ = {
			isa = XCBuildConfiguration;
			buildSettings = {
				ALWAYS_SEARCH_USER_PATHS = NO;
				CLANG_ANALYZER_NONNULL = YES;
				CLANG_ANALYZER_NUMBER_OBJECT_CONVERSION = YES_AGGRESSIVE;
				CLANG_CXX_LANGUAGE_STANDARD = "gnu++20";
				CLANG_ENABLE_MODULES = YES;
				CLANG_ENABLE_OBJC_ARC = YES;
				CLANG_ENABLE_OBJC_WEAK = YES;
				CLANG_WARN_BLOCK_CAPTURE_AUTORELEASING = YES;
				CLANG_WARN_BOOL_CONVERSION = YES;
				CLANG_WARN_COMMA = YES;
				CLANG_WARN_CONSTANT_CONVERSION = YES;
				CLANG_WARN_DEPRECATED_OBJC_IMPLEMENTATIONS = YES;
				CLANG_WARN_DIRECT_OBJC_ISA_USAGE = YES_ERROR;
				CLANG_WARN_DOCUMENTATION_COMMENTS = YES;
				CLANG_WARN_EMPTY_BODY = YES;
				CLANG_WARN_ENUM_CONVERSION = YES;
				CLANG_WARN_INFINITE_RECURSION = YES;
				CLANG_WARN_INT_CONVERSION = YES;
				CLANG_WARN_NON_LITERAL_NULL_CONVERSION = YES;
				CLANG_WARN_OBJC_IMPLICIT_RETAIN_SELF = YES;
				CLANG_WARN_OBJC_LITERAL_CONVERSION = YES;
				CLANG_WARN_OBJC_ROOT_CLASS = YES_ERROR;
				CLANG_WARN_QUOTED_INCLUDE_IN_FRAMEWORK_HEADER = YES;
				CLANG_WARN_RANGE_LOOP_ANALYSIS = YES;
				CLANG_WARN_STRICT_PROTOTYPES = YES;
				CLANG_WARN_SUSPICIOUS_MOVE = YES;
				CLANG_WARN_UNGUARDED_AVAILABILITY = YES_AGGRESSIVE;
				CLANG_WARN_UNREACHABLE_CODE = YES;
				CLANG_WARN__DUPLICATE_METHOD_MATCH = YES;
				COPY_PHASE_STRIP = NO;
				DEBUG_INFORMATION_FORMAT = dwarf;
				ENABLE_STRICT_OBJC_MSGSEND = YES;
				ENABLE_TESTABILITY = YES;
				GCC_C_LANGUAGE_STANDARD = gnu11;
				GCC_DYNAMIC_NO_PIC = NO;
				GCC_NO_COMMON_BLOCKS = YES;
				GCC_OPTIMIZATION_LEVEL = 0;
				GCC_PREPROCESSOR_DEFINITIONS = (
					"DEBUG=1",
					"$(inherited)",
				);
				GCC_WARN_64_TO_32_BIT_CONVERSION = YES;
				GCC_WARN_ABOUT_RETURN_TYPE = YES_ERROR;
				GCC_WARN_UNDECLARED_SELECTOR = YES;
				GCC_WARN_UNINITIALIZED_AUTOS = YES_AGGRESSIVE;
				GCC_WARN_UNUSED_FUNCTION = YES;
				GCC_WARN_UNUSED_VARIABLE = YES;
				IPHONEOS_DEPLOYMENT_TARGET = 16.0;
				MTL_ENABLE_DEBUG_INFO = INCLUDE_SOURCE;
				MTL_FAST_MATH = YES;
				ONLY_ACTIVE_ARCH = YES;
				SDKROOT = iphoneos;
				SWIFT_ACTIVE_COMPILATION_CONDITIONS = DEBUG;
				SWIFT_OPTIMIZATION_LEVEL = "-Onone";
			};
			name = Debug;
		};
		E49A6EC6296774D700F2A5D1 /* Release */ = {
			isa = XCBuildConfiguration;
			buildSettings = {
				ALWAYS_SEARCH_USER_PATHS = NO;
				CLANG_ANALYZER_NONNULL = YES;
				CLANG_ANALYZER_NUMBER_OBJECT_CONVERSION = YES_AGGRESSIVE;
				CLANG_CXX_LANGUAGE_STANDARD = "gnu++20";
				CLANG_ENABLE_MODULES = YES;
				CLANG_ENABLE_OBJC_ARC = YES;
				CLANG_ENABLE_OBJC_WEAK = YES;
				CLANG_WARN_BLOCK_CAPTURE_AUTORELEASING = YES;
				CLANG_WARN_BOOL_CONVERSION = YES;
				CLANG_WARN_COMMA = YES;
				CLANG_WARN_CONSTANT_CONVERSION = YES;
				CLANG_WARN_DEPRECATED_OBJC_IMPLEMENTATIONS = YES;
				CLANG_WARN_DIRECT_OBJC_ISA_USAGE = YES_ERROR;
				CLANG_WARN_DOCUMENTATION_COMMENTS = YES;
				CLANG_WARN_EMPTY_BODY = YES;
				CLANG_WARN_ENUM_CONVERSION = YES;
				CLANG_WARN_INFINITE_RECURSION = YES;
				CLANG_WARN_INT_CONVERSION = YES;
				CLANG_WARN_NON_LITERAL_NULL_CONVERSION = YES;
				CLANG_WARN_OBJC_IMPLICIT_RETAIN_SELF = YES;
				CLANG_WARN_OBJC_LITERAL_CONVERSION = YES;
				CLANG_WARN_OBJC_ROOT_CLASS = YES_ERROR;
				CLANG_WARN_QUOTED_INCLUDE_IN_FRAMEWORK_HEADER = YES;
				CLANG_WARN_RANGE_LOOP_ANALYSIS = YES;
				CLANG_WARN_STRICT_PROTOTYPES = YES;
				CLANG_WARN_SUSPICIOUS_MOVE = YES;
				CLANG_WARN_UNGUARDED_AVAILABILITY = YES_AGGRESSIVE;
				CLANG_WARN_UNREACHABLE_CODE = YES;
				CLANG_WARN__DUPLICATE_METHOD_MATCH = YES;
				COPY_PHASE_STRIP = NO;
				DEBUG_INFORMATION_FORMAT = "dwarf-with-dsym";
				ENABLE_NS_ASSERTIONS = NO;
				ENABLE_STRICT_OBJC_MSGSEND = YES;
				GCC_C_LANGUAGE_STANDARD = gnu11;
				GCC_NO_COMMON_BLOCKS = YES;
				GCC_WARN_64_TO_32_BIT_CONVERSION = YES;
				GCC_WARN_ABOUT_RETURN_TYPE = YES_ERROR;
				GCC_WARN_UNDECLARED_SELECTOR = YES;
				GCC_WARN_UNINITIALIZED_AUTOS = YES_AGGRESSIVE;
				GCC_WARN_UNUSED_FUNCTION = YES;
				GCC_WARN_UNUSED_VARIABLE = YES;
				IPHONEOS_DEPLOYMENT_TARGET = 16.0;
				MTL_ENABLE_DEBUG_INFO = NO;
				MTL_FAST_MATH = YES;
				SDKROOT = iphoneos;
				SWIFT_COMPILATION_MODE = wholemodule;
				SWIFT_OPTIMIZATION_LEVEL = "-O";
				VALIDATE_PRODUCT = YES;
			};
			name = Release;
		};
		E49A6EC8296774D700F2A5D1 /* Debug */ = {
			isa = XCBuildConfiguration;
			buildSettings = {
				ASSETCATALOG_COMPILER_APPICON_NAME = AppIcon;
				ASSETCATALOG_COMPILER_GLOBAL_ACCENT_COLOR_NAME = AccentColor;
				CODE_SIGN_STYLE = Automatic;
				CURRENT_PROJECT_VERSION = 1;
				GENERATE_INFOPLIST_FILE = YES;
				INFOPLIST_FILE = ExampleApolloGraphQL/Info.plist;
				INFOPLIST_KEY_UIApplicationSupportsIndirectInputEvents = YES;
				INFOPLIST_KEY_UILaunchStoryboardName = LaunchScreen;
				INFOPLIST_KEY_UIMainStoryboardFile = Main;
				INFOPLIST_KEY_UISupportedInterfaceOrientations_iPad = "UIInterfaceOrientationPortrait UIInterfaceOrientationPortraitUpsideDown UIInterfaceOrientationLandscapeLeft UIInterfaceOrientationLandscapeRight";
				INFOPLIST_KEY_UISupportedInterfaceOrientations_iPhone = "UIInterfaceOrientationPortrait UIInterfaceOrientationLandscapeLeft UIInterfaceOrientationLandscapeRight";
				LD_RUNPATH_SEARCH_PATHS = (
					"$(inherited)",
					"@executable_path/Frameworks",
				);
				MARKETING_VERSION = 1.0;
				PRODUCT_BUNDLE_IDENTIFIER = com.fp.ExampleApolloGraphQL;
				PRODUCT_NAME = "$(TARGET_NAME)";
				SWIFT_EMIT_LOC_STRINGS = YES;
				SWIFT_VERSION = 5.0;
				TARGETED_DEVICE_FAMILY = "1,2";
			};
			name = Debug;
		};
		E49A6EC9296774D700F2A5D1 /* Release */ = {
			isa = XCBuildConfiguration;
			buildSettings = {
				ASSETCATALOG_COMPILER_APPICON_NAME = AppIcon;
				ASSETCATALOG_COMPILER_GLOBAL_ACCENT_COLOR_NAME = AccentColor;
				CODE_SIGN_STYLE = Automatic;
				CURRENT_PROJECT_VERSION = 1;
				GENERATE_INFOPLIST_FILE = YES;
				INFOPLIST_FILE = ExampleApolloGraphQL/Info.plist;
				INFOPLIST_KEY_UIApplicationSupportsIndirectInputEvents = YES;
				INFOPLIST_KEY_UILaunchStoryboardName = LaunchScreen;
				INFOPLIST_KEY_UIMainStoryboardFile = Main;
				INFOPLIST_KEY_UISupportedInterfaceOrientations_iPad = "UIInterfaceOrientationPortrait UIInterfaceOrientationPortraitUpsideDown UIInterfaceOrientationLandscapeLeft UIInterfaceOrientationLandscapeRight";
				INFOPLIST_KEY_UISupportedInterfaceOrientations_iPhone = "UIInterfaceOrientationPortrait UIInterfaceOrientationLandscapeLeft UIInterfaceOrientationLandscapeRight";
				LD_RUNPATH_SEARCH_PATHS = (
					"$(inherited)",
					"@executable_path/Frameworks",
				);
				MARKETING_VERSION = 1.0;
				PRODUCT_BUNDLE_IDENTIFIER = com.fp.ExampleApolloGraphQL;
				PRODUCT_NAME = "$(TARGET_NAME)";
				SWIFT_EMIT_LOC_STRINGS = YES;
				SWIFT_VERSION = 5.0;
				TARGETED_DEVICE_FAMILY = "1,2";
			};
			name = Release;
		};
/* End XCBuildConfiguration section */

/* Begin XCConfigurationList section */
		E49A6EAE296774D600F2A5D1 /* Build configuration list for PBXProject "ExampleApolloGraphQL" */ = {
			isa = XCConfigurationList;
			buildConfigurations = (
				E49A6EC5296774D700F2A5D1 /* Debug */,
				E49A6EC6296774D700F2A5D1 /* Release */,
			);
			defaultConfigurationIsVisible = 0;
			defaultConfigurationName = Release;
		};
		E49A6EC7296774D700F2A5D1 /* Build configuration list for PBXNativeTarget "ExampleApolloGraphQL" */ = {
			isa = XCConfigurationList;
			buildConfigurations = (
				E49A6EC8296774D700F2A5D1 /* Debug */,
				E49A6EC9296774D700F2A5D1 /* Release */,
			);
			defaultConfigurationIsVisible = 0;
			defaultConfigurationName = Release;
		};
/* End XCConfigurationList section */

/* Begin XCRemoteSwiftPackageReference section */
		E49A6ECA296777B100F2A5D1 /* XCRemoteSwiftPackageReference "apollo-ios" */ = {
			isa = XCRemoteSwiftPackageReference;
			repositoryURL = "https://github.com/apollographql/apollo-ios";
			requirement = {
				kind = upToNextMajorVersion;
				minimumVersion = 1.0.0;
			};
		};
/* End XCRemoteSwiftPackageReference section */

/* Begin XCSwiftPackageProductDependency section */
		E49A6ECB296777B100F2A5D1 /* Apollo */ = {
			isa = XCSwiftPackageProductDependency;
			package = E49A6ECA296777B100F2A5D1 /* XCRemoteSwiftPackageReference "apollo-ios" */;
			productName = Apollo;
		};
		E49A6ED92967804B00F2A5D1 /* SpaceXAPI */ = {
			isa = XCSwiftPackageProductDependency;
			productName = SpaceXAPI;
		};
/* End XCSwiftPackageProductDependency section */
	};
	rootObject = E49A6EAB296774D600F2A5D1 /* Project object */;
}
